
Microsoft Visual Studio Solution File, Format Version 12.00
# Visual Studio Version 16
VisualStudioVersion = 16.0.33027.164
MinimumVisualStudioVersion = 10.0.40219.1
Project("{FAE04EC0-301F-11D3-BF4B-00C04F79EFBC}") = "Test1", "Test1.csproj", "{9847ED42-032D-4B44-A8EB-3405EAFD02C7}"
EndProject
Global
	GlobalSection(SolutionConfigurationPlatforms) = preSolution
		Debug|Any CPU = Debug|Any CPU
		Release|Any CPU = Release|Any CPU
	EndGlobalSection
	GlobalSection(ProjectConfigurationPlatforms) = postSolution
		{9847ED42-032D-4B44-A8EB-3405EAFD02C7}.Debug|Any CPU.ActiveCfg = Debug|Any CPU
		{9847ED42-032D-4B44-A8EB-3405EAFD02C7}.Debug|Any CPU.Build.0 = Debug|Any CPU
		{9847ED42-032D-4B44-A8EB-3405EAFD02C7}.Release|Any CPU.ActiveCfg = Release|Any CPU
		{9847ED42-032D-4B44-A8EB-3405EAFD02C7}.Release|Any CPU.Build.0 = Release|Any CPU
	EndGlobalSection
	GlobalSection(SolutionProperties) = preSolution
		HideSolutionNode = FALSE
	EndGlobalSection
	GlobalSection(ExtensibilityGlobals) = postSolution
		SolutionGuid = {C6056BE0-BEC9-4E4D-940B-416F268DE53C}
	EndGlobalSection
EndGlobal
