
Microsoft Visual Studio Solution File, Format Version 12.00
# Visual Studio Version 16
VisualStudioVersion = 16.0.33027.164
MinimumVisualStudioVersion = 10.0.40219.1
Project("{FAE04EC0-301F-11D3-BF4B-00C04F79EFBC}") = "Test2", "Test2.csproj", "{3B4D1007-4F1B-48B2-84A9-C1E56CAB26A5}"
EndProject
Project("{FAE04EC0-301F-11D3-BF4B-00C04F79EFBC}") = "Test2-tests", "Test2-tests\Test2-tests.csproj", "{9F72A014-78BC-4899-A6DF-7D2BE0D4E751}"
EndProject
Global
	GlobalSection(SolutionConfigurationPlatforms) = preSolution
		Debug|Any CPU = Debug|Any CPU
		Release|Any CPU = Release|Any CPU
	EndGlobalSection
	GlobalSection(ProjectConfigurationPlatforms) = postSolution
		{3B4D1007-4F1B-48B2-84A9-C1E56CAB26A5}.Debug|Any CPU.ActiveCfg = Debug|Any CPU
		{3B4D1007-4F1B-48B2-84A9-C1E56CAB26A5}.Debug|Any CPU.Build.0 = Debug|Any CPU
		{3B4D1007-4F1B-48B2-84A9-C1E56CAB26A5}.Release|Any CPU.ActiveCfg = Release|Any CPU
		{3B4D1007-4F1B-48B2-84A9-C1E56CAB26A5}.Release|Any CPU.Build.0 = Release|Any CPU
		{9F72A014-78BC-4899-A6DF-7D2BE0D4E751}.Debug|Any CPU.ActiveCfg = Debug|Any CPU
		{9F72A014-78BC-4899-A6DF-7D2BE0D4E751}.Debug|Any CPU.Build.0 = Debug|Any CPU
		{9F72A014-78BC-4899-A6DF-7D2BE0D4E751}.Release|Any CPU.ActiveCfg = Release|Any CPU
		{9F72A014-78BC-4899-A6DF-7D2BE0D4E751}.Release|Any CPU.Build.0 = Release|Any CPU
	EndGlobalSection
	GlobalSection(SolutionProperties) = preSolution
		HideSolutionNode = FALSE
	EndGlobalSection
	GlobalSection(ExtensibilityGlobals) = postSolution
		SolutionGuid = {AF1D57E8-9DC5-4CCA-A377-D8638795741A}
	EndGlobalSection
EndGlobal
